
Microsoft Visual Studio Solution File, Format Version 12.00
# Visual Studio Version 16
VisualStudioVersion = 16.0.31321.278
MinimumVisualStudioVersion = 10.0.40219.1
Project("{FAE04EC0-301F-11D3-BF4B-00C04F79EFBC}") = "MentoriaDevSti3", "MentoriaDevSti3\MentoriaDevSti3.csproj", "{9175213A-487A-4738-91AF-3A970F13989D}"
EndProject
Global
	GlobalSection(SolutionConfigurationPlatforms) = preSolution
		Debug|Any CPU = Debug|Any CPU
		Release|Any CPU = Release|Any CPU
	EndGlobalSection
	GlobalSection(ProjectConfigurationPlatforms) = postSolution
		{9175213A-487A-4738-91AF-3A970F13989D}.Debug|Any CPU.ActiveCfg = Debug|Any CPU
		{9175213A-487A-4738-91AF-3A970F13989D}.Debug|Any CPU.Build.0 = Debug|Any CPU
		{9175213A-487A-4738-91AF-3A970F13989D}.Release|Any CPU.ActiveCfg = Release|Any CPU
		{9175213A-487A-4738-91AF-3A970F13989D}.Release|Any CPU.Build.0 = Release|Any CPU
	EndGlobalSection
	GlobalSection(SolutionProperties) = preSolution
		HideSolutionNode = FALSE
	EndGlobalSection
	GlobalSection(ExtensibilityGlobals) = postSolution
		SolutionGuid = {A85A5360-EA50-445B-96FF-53A7D8D82920}
	EndGlobalSection
EndGlobal
